
Microsoft Visual Studio Solution File, Format Version 12.00
# Visual Studio Version 16
VisualStudioVersion = 16.0.30717.126
MinimumVisualStudioVersion = 10.0.40219.1
Project("{9A19103F-16F7-4668-BE54-9A1E7A4F7556}") = "Lisbeth.Application", "Application\Lisbeth.Application.csproj", "{B268A226-EEB1-4915-AECC-8AD2A4AF614B}"
EndProject
Project("{9A19103F-16F7-4668-BE54-9A1E7A4F7556}") = "Lisbeth.Domain", "Domain\Lisbeth.Domain.csproj", "{EDBC75E3-40CB-4429-A710-19F2651D95A5}"
EndProject
Project("{2150E333-8FDC-42A3-9474-1A3956D46DE8}") = "API", "API", "{485906B7-D808-404C-A852-485DAC01AF73}"
EndProject
Project("{2150E333-8FDC-42A3-9474-1A3956D46DE8}") = "Domain", "Domain", "{D042C3AC-7527-4B9E-A7C4-CE7679B09CD9}"
EndProject
Project("{2150E333-8FDC-42A3-9474-1A3956D46DE8}") = "DataAccessLayer", "DataAccessLayer", "{BC67B4CC-6ACC-49A0-B471-FD6A8F9076D1}"
EndProject
Project("{2150E333-8FDC-42A3-9474-1A3956D46DE8}") = "Application", "Application", "{8438663E-22BA-4341-B975-98A0669CE630}"
EndProject
Project("{2150E333-8FDC-42A3-9474-1A3956D46DE8}") = "Bot", "Bot", "{C0ACEC10-44D2-4703-BE1E-803C6EEBBC6F}"
EndProject
Project("{2150E333-8FDC-42A3-9474-1A3956D46DE8}") = "Tests", "Tests", "{58F5B4FF-E779-487C-A54A-662D3954E63D}"
EndProject
Project("{2150E333-8FDC-42A3-9474-1A3956D46DE8}") = "Unit", "Unit", "{EA7357D8-1111-4080-9F9E-B803972F1837}"
EndProject
Project("{2150E333-8FDC-42A3-9474-1A3956D46DE8}") = "Integration", "Integration", "{420ED127-4773-458F-BB3D-D1AA45EFC1D9}"
EndProject
Project("{9A19103F-16F7-4668-BE54-9A1E7A4F7556}") = "Lisbeth.DataAccessLayer", "DataAccessLayer\Lisbeth.DataAccessLayer.csproj", "{25EFDBAB-6D1A-4E74-B827-D9D71CD13324}"
EndProject
Project("{9A19103F-16F7-4668-BE54-9A1E7A4F7556}") = "Lisbeth.API", "API\Lisbeth.API.csproj", "{2C50FF1F-B164-49D8-B2D5-59020702E53B}"
EndProject
Project("{9A19103F-16F7-4668-BE54-9A1E7A4F7556}") = "Lisbeth.Bot", "Bot\Lisbeth.Bot.csproj", "{F552E427-5CED-4588-AAE9-A2B080790AE2}"
EndProject
Global
	GlobalSection(SolutionConfigurationPlatforms) = preSolution
		Debug|Any CPU = Debug|Any CPU
		Release|Any CPU = Release|Any CPU
	EndGlobalSection
	GlobalSection(ProjectConfigurationPlatforms) = postSolution
		{B268A226-EEB1-4915-AECC-8AD2A4AF614B}.Debug|Any CPU.ActiveCfg = Debug|Any CPU
		{B268A226-EEB1-4915-AECC-8AD2A4AF614B}.Debug|Any CPU.Build.0 = Debug|Any CPU
		{B268A226-EEB1-4915-AECC-8AD2A4AF614B}.Release|Any CPU.ActiveCfg = Release|Any CPU
		{B268A226-EEB1-4915-AECC-8AD2A4AF614B}.Release|Any CPU.Build.0 = Release|Any CPU
		{EDBC75E3-40CB-4429-A710-19F2651D95A5}.Debug|Any CPU.ActiveCfg = Debug|Any CPU
		{EDBC75E3-40CB-4429-A710-19F2651D95A5}.Debug|Any CPU.Build.0 = Debug|Any CPU
		{EDBC75E3-40CB-4429-A710-19F2651D95A5}.Release|Any CPU.ActiveCfg = Release|Any CPU
		{EDBC75E3-40CB-4429-A710-19F2651D95A5}.Release|Any CPU.Build.0 = Release|Any CPU
		{25EFDBAB-6D1A-4E74-B827-D9D71CD13324}.Debug|Any CPU.ActiveCfg = Debug|Any CPU
		{25EFDBAB-6D1A-4E74-B827-D9D71CD13324}.Debug|Any CPU.Build.0 = Debug|Any CPU
		{25EFDBAB-6D1A-4E74-B827-D9D71CD13324}.Release|Any CPU.ActiveCfg = Release|Any CPU
		{25EFDBAB-6D1A-4E74-B827-D9D71CD13324}.Release|Any CPU.Build.0 = Release|Any CPU
		{2C50FF1F-B164-49D8-B2D5-59020702E53B}.Debug|Any CPU.ActiveCfg = Debug|Any CPU
		{2C50FF1F-B164-49D8-B2D5-59020702E53B}.Debug|Any CPU.Build.0 = Debug|Any CPU
		{2C50FF1F-B164-49D8-B2D5-59020702E53B}.Release|Any CPU.ActiveCfg = Release|Any CPU
		{2C50FF1F-B164-49D8-B2D5-59020702E53B}.Release|Any CPU.Build.0 = Release|Any CPU
		{F552E427-5CED-4588-AAE9-A2B080790AE2}.Debug|Any CPU.ActiveCfg = Debug|Any CPU
		{F552E427-5CED-4588-AAE9-A2B080790AE2}.Debug|Any CPU.Build.0 = Debug|Any CPU
		{F552E427-5CED-4588-AAE9-A2B080790AE2}.Release|Any CPU.ActiveCfg = Release|Any CPU
		{F552E427-5CED-4588-AAE9-A2B080790AE2}.Release|Any CPU.Build.0 = Release|Any CPU
	EndGlobalSection
	GlobalSection(SolutionProperties) = preSolution
		HideSolutionNode = FALSE
	EndGlobalSection
	GlobalSection(NestedProjects) = preSolution
		{B268A226-EEB1-4915-AECC-8AD2A4AF614B} = {8438663E-22BA-4341-B975-98A0669CE630}
		{EDBC75E3-40CB-4429-A710-19F2651D95A5} = {D042C3AC-7527-4B9E-A7C4-CE7679B09CD9}
		{EA7357D8-1111-4080-9F9E-B803972F1837} = {58F5B4FF-E779-487C-A54A-662D3954E63D}
		{420ED127-4773-458F-BB3D-D1AA45EFC1D9} = {58F5B4FF-E779-487C-A54A-662D3954E63D}
		{25EFDBAB-6D1A-4E74-B827-D9D71CD13324} = {BC67B4CC-6ACC-49A0-B471-FD6A8F9076D1}
		{2C50FF1F-B164-49D8-B2D5-59020702E53B} = {485906B7-D808-404C-A852-485DAC01AF73}
		{F552E427-5CED-4588-AAE9-A2B080790AE2} = {C0ACEC10-44D2-4703-BE1E-803C6EEBBC6F}
	EndGlobalSection
	GlobalSection(ExtensibilityGlobals) = postSolution
		SolutionGuid = {4BCDEA63-39FA-4F77-8530-0E1AF370C3A7}
	EndGlobalSection
EndGlobal
